// !$*UTF8*$!
{
	archiveVersion = 1;
	classes = {
	};
	objectVersion = 46;
	objects = {

/* Begin PBXBuildFile section */
		849507011D05772B0005EC1A /* ToolsAnimation.plist in Resources */ = {isa = PBXBuildFile; fileRef = 849507001D05772B0005EC1A /* ToolsAnimation.plist */; };
		84BC64221C22E4C800B89B79 /* RAMBadge.swift in Sources */ = {isa = PBXBuildFile; fileRef = 84BC64211C22E4C800B89B79 /* RAMBadge.swift */; };
		84D4B7A11DB0D35500EE38C6 /* TabBarLib.h in Headers */ = {isa = PBXBuildFile; fileRef = 84D4B79F1DB0D35500EE38C6 /* TabBarLib.h */; settings = {ATTRIBUTES = (Public, ); }; };
		84D4B7A41DB0D35500EE38C6 /* RAMAnimatedTabBarController.framework in Frameworks */ = {isa = PBXBuildFile; fileRef = 84D4B79D1DB0D35500EE38C6 /* RAMAnimatedTabBarController.framework */; };
		84D4B7A51DB0D35500EE38C6 /* RAMAnimatedTabBarController.framework in Embed Frameworks */ = {isa = PBXBuildFile; fileRef = 84D4B79D1DB0D35500EE38C6 /* RAMAnimatedTabBarController.framework */; settings = {ATTRIBUTES = (CodeSignOnCopy, RemoveHeadersOnCopy, ); }; };
		84D4B7A91DB0D37700EE38C6 /* RAMBadge.swift in Sources */ = {isa = PBXBuildFile; fileRef = 84BC64211C22E4C800B89B79 /* RAMBadge.swift */; };
		84D4B7AA1DB0D37B00EE38C6 /* RAMAnimatedTabBarController.swift in Sources */ = {isa = PBXBuildFile; fileRef = CE90A83F1A1C7C14002D8931 /* RAMAnimatedTabBarController.swift */; };
		84D4B7AB1DB0D37F00EE38C6 /* RAMFumeAnimation.swift in Sources */ = {isa = PBXBuildFile; fileRef = F3E056BD1A2DD57600F33DDA /* RAMFumeAnimation.swift */; };
		84D4B7AC1DB0D38100EE38C6 /* RAMBounceAnimation.swift in Sources */ = {isa = PBXBuildFile; fileRef = CE90A8781A1CE200002D8931 /* RAMBounceAnimation.swift */; };
		84D4B7AD1DB0D38400EE38C6 /* RAMRotationAnimation.swift in Sources */ = {isa = PBXBuildFile; fileRef = CE90A8421A1C8DD3002D8931 /* RAMRotationAnimation.swift */; };
		84D4B7AE1DB0D38700EE38C6 /* RAMFrameItemAnimation.swift in Sources */ = {isa = PBXBuildFile; fileRef = CE41469A1A1B944D0037F03C /* RAMFrameItemAnimation.swift */; };
		84D4B7AF1DB0D38B00EE38C6 /* RAMTransitionItemAnimations.swift in Sources */ = {isa = PBXBuildFile; fileRef = CE41469C1A1B944D0037F03C /* RAMTransitionItemAnimations.swift */; };
		84D4B7B01DB0D38F00EE38C6 /* RAMItemAnimationProtocol.swift in Sources */ = {isa = PBXBuildFile; fileRef = CE41469D1A1B944D0037F03C /* RAMItemAnimationProtocol.swift */; };
		CE4146781A1B923D0037F03C /* AppDelegate.swift in Sources */ = {isa = PBXBuildFile; fileRef = CE4146771A1B923D0037F03C /* AppDelegate.swift */; };
		CE41467A1A1B923D0037F03C /* ViewController.swift in Sources */ = {isa = PBXBuildFile; fileRef = CE4146791A1B923D0037F03C /* ViewController.swift */; };
		CE41467D1A1B923D0037F03C /* Main.storyboard in Resources */ = {isa = PBXBuildFile; fileRef = CE41467B1A1B923D0037F03C /* Main.storyboard */; };
		CE41467F1A1B923D0037F03C /* Images.xcassets in Resources */ = {isa = PBXBuildFile; fileRef = CE41467E1A1B923D0037F03C /* Images.xcassets */; };
		CE4146821A1B923D0037F03C /* LaunchScreen.xib in Resources */ = {isa = PBXBuildFile; fileRef = CE4146801A1B923D0037F03C /* LaunchScreen.xib */; };
		CE41468E1A1B923D0037F03C /* RAMAnimatedTabBarDemoTests.swift in Sources */ = {isa = PBXBuildFile; fileRef = CE41468D1A1B923D0037F03C /* RAMAnimatedTabBarDemoTests.swift */; };
		CE41469E1A1B944D0037F03C /* RAMFrameItemAnimation.swift in Sources */ = {isa = PBXBuildFile; fileRef = CE41469A1A1B944D0037F03C /* RAMFrameItemAnimation.swift */; };
		CE41469F1A1B944D0037F03C /* RAMTransitionItemAnimations.swift in Sources */ = {isa = PBXBuildFile; fileRef = CE41469C1A1B944D0037F03C /* RAMTransitionItemAnimations.swift */; };
		CE4146A01A1B944D0037F03C /* RAMItemAnimationProtocol.swift in Sources */ = {isa = PBXBuildFile; fileRef = CE41469D1A1B944D0037F03C /* RAMItemAnimationProtocol.swift */; };
		CE90A8401A1C7C14002D8931 /* RAMAnimatedTabBarController.swift in Sources */ = {isa = PBXBuildFile; fileRef = CE90A83F1A1C7C14002D8931 /* RAMAnimatedTabBarController.swift */; };
		CE90A8431A1C8DD3002D8931 /* RAMRotationAnimation.swift in Sources */ = {isa = PBXBuildFile; fileRef = CE90A8421A1C8DD3002D8931 /* RAMRotationAnimation.swift */; };
		CE90A8791A1CE200002D8931 /* RAMBounceAnimation.swift in Sources */ = {isa = PBXBuildFile; fileRef = CE90A8781A1CE200002D8931 /* RAMBounceAnimation.swift */; };
		F3E056BE1A2DD57600F33DDA /* RAMFumeAnimation.swift in Sources */ = {isa = PBXBuildFile; fileRef = F3E056BD1A2DD57600F33DDA /* RAMFumeAnimation.swift */; };
/* End PBXBuildFile section */

/* Begin PBXContainerItemProxy section */
		84D4B7A21DB0D35500EE38C6 /* PBXContainerItemProxy */ = {
			isa = PBXContainerItemProxy;
			containerPortal = CE41466A1A1B923D0037F03C /* Project object */;
			proxyType = 1;
			remoteGlobalIDString = 84D4B79C1DB0D35500EE38C6;
			remoteInfo = TabBarLib;
		};
		CE4146881A1B923D0037F03C /* PBXContainerItemProxy */ = {
			isa = PBXContainerItemProxy;
			containerPortal = CE41466A1A1B923D0037F03C /* Project object */;
			proxyType = 1;
			remoteGlobalIDString = CE4146711A1B923D0037F03C;
			remoteInfo = RAMAnimatedTabBarDemo;
		};
/* End PBXContainerItemProxy section */

/* Begin PBXCopyFilesBuildPhase section */
		8499D8F91D0069C6004B5B37 /* Embed Frameworks */ = {
			isa = PBXCopyFilesBuildPhase;
			buildActionMask = 2147483647;
			dstPath = "";
			dstSubfolderSpec = 10;
			files = (
				84D4B7A51DB0D35500EE38C6 /* RAMAnimatedTabBarController.framework in Embed Frameworks */,
			);
			name = "Embed Frameworks";
			runOnlyForDeploymentPostprocessing = 0;
		};
/* End PBXCopyFilesBuildPhase section */

/* Begin PBXFileReference section */
		849507001D05772B0005EC1A /* ToolsAnimation.plist */ = {isa = PBXFileReference; fileEncoding = 4; lastKnownFileType = text.plist.xml; path = ToolsAnimation.plist; sourceTree = "<group>"; };
		8499D8EF1D0069C6004B5B37 /* AnimatedTabBar.h */ = {isa = PBXFileReference; lastKnownFileType = sourcecode.c.h; path = AnimatedTabBar.h; sourceTree = "<group>"; };
		8499D8F11D0069C6004B5B37 /* Info.plist */ = {isa = PBXFileReference; lastKnownFileType = text.plist.xml; path = Info.plist; sourceTree = "<group>"; };
		84BC64211C22E4C800B89B79 /* RAMBadge.swift */ = {isa = PBXFileReference; fileEncoding = 4; lastKnownFileType = sourcecode.swift; path = RAMBadge.swift; sourceTree = "<group>"; };
		84D4B79D1DB0D35500EE38C6 /* RAMAnimatedTabBarController.framework */ = {isa = PBXFileReference; explicitFileType = wrapper.framework; includeInIndex = 0; path = RAMAnimatedTabBarController.framework; sourceTree = BUILT_PRODUCTS_DIR; };
		84D4B79F1DB0D35500EE38C6 /* TabBarLib.h */ = {isa = PBXFileReference; lastKnownFileType = sourcecode.c.h; path = TabBarLib.h; sourceTree = "<group>"; };
		84D4B7A01DB0D35500EE38C6 /* Info.plist */ = {isa = PBXFileReference; lastKnownFileType = text.plist.xml; path = Info.plist; sourceTree = "<group>"; };
		CE4146721A1B923D0037F03C /* RAMAnimatedTabBarDemo.app */ = {isa = PBXFileReference; explicitFileType = wrapper.application; includeInIndex = 0; path = RAMAnimatedTabBarDemo.app; sourceTree = BUILT_PRODUCTS_DIR; };
		CE4146761A1B923D0037F03C /* Info.plist */ = {isa = PBXFileReference; lastKnownFileType = text.plist.xml; path = Info.plist; sourceTree = "<group>"; };
		CE4146771A1B923D0037F03C /* AppDelegate.swift */ = {isa = PBXFileReference; lastKnownFileType = sourcecode.swift; path = AppDelegate.swift; sourceTree = "<group>"; };
		CE4146791A1B923D0037F03C /* ViewController.swift */ = {isa = PBXFileReference; lastKnownFileType = sourcecode.swift; path = ViewController.swift; sourceTree = "<group>"; };
		CE41467C1A1B923D0037F03C /* Base */ = {isa = PBXFileReference; lastKnownFileType = file.storyboard; name = Base; path = Base.lproj/Main.storyboard; sourceTree = "<group>"; };
		CE41467E1A1B923D0037F03C /* Images.xcassets */ = {isa = PBXFileReference; lastKnownFileType = folder.assetcatalog; path = Images.xcassets; sourceTree = "<group>"; };
		CE4146811A1B923D0037F03C /* Base */ = {isa = PBXFileReference; lastKnownFileType = file.xib; name = Base; path = Base.lproj/LaunchScreen.xib; sourceTree = "<group>"; };
		CE4146871A1B923D0037F03C /* RAMAnimatedTabBarDemoTests.xctest */ = {isa = PBXFileReference; explicitFileType = wrapper.cfbundle; includeInIndex = 0; path = RAMAnimatedTabBarDemoTests.xctest; sourceTree = BUILT_PRODUCTS_DIR; };
		CE41468C1A1B923D0037F03C /* Info.plist */ = {isa = PBXFileReference; lastKnownFileType = text.plist.xml; path = Info.plist; sourceTree = "<group>"; };
		CE41468D1A1B923D0037F03C /* RAMAnimatedTabBarDemoTests.swift */ = {isa = PBXFileReference; lastKnownFileType = sourcecode.swift; path = RAMAnimatedTabBarDemoTests.swift; sourceTree = "<group>"; };
		CE41469A1A1B944D0037F03C /* RAMFrameItemAnimation.swift */ = {isa = PBXFileReference; fileEncoding = 4; lastKnownFileType = sourcecode.swift; path = RAMFrameItemAnimation.swift; sourceTree = "<group>"; };
		CE41469C1A1B944D0037F03C /* RAMTransitionItemAnimations.swift */ = {isa = PBXFileReference; fileEncoding = 4; lastKnownFileType = sourcecode.swift; path = RAMTransitionItemAnimations.swift; sourceTree = "<group>"; };
		CE41469D1A1B944D0037F03C /* RAMItemAnimationProtocol.swift */ = {isa = PBXFileReference; fileEncoding = 4; lastKnownFileType = sourcecode.swift; path = RAMItemAnimationProtocol.swift; sourceTree = "<group>"; };
		CE90A83F1A1C7C14002D8931 /* RAMAnimatedTabBarController.swift */ = {isa = PBXFileReference; fileEncoding = 4; lastKnownFileType = sourcecode.swift; path = RAMAnimatedTabBarController.swift; sourceTree = "<group>"; };
		CE90A8421A1C8DD3002D8931 /* RAMRotationAnimation.swift */ = {isa = PBXFileReference; fileEncoding = 4; lastKnownFileType = sourcecode.swift; path = RAMRotationAnimation.swift; sourceTree = "<group>"; };
		CE90A8781A1CE200002D8931 /* RAMBounceAnimation.swift */ = {isa = PBXFileReference; fileEncoding = 4; lastKnownFileType = sourcecode.swift; path = RAMBounceAnimation.swift; sourceTree = "<group>"; };
		F3E056BD1A2DD57600F33DDA /* RAMFumeAnimation.swift */ = {isa = PBXFileReference; fileEncoding = 4; lastKnownFileType = sourcecode.swift; path = RAMFumeAnimation.swift; sourceTree = "<group>"; };
/* End PBXFileReference section */

/* Begin PBXFrameworksBuildPhase section */
		84D4B7991DB0D35500EE38C6 /* Frameworks */ = {
			isa = PBXFrameworksBuildPhase;
			buildActionMask = 2147483647;
			files = (
			);
			runOnlyForDeploymentPostprocessing = 0;
		};
		CE41466F1A1B923D0037F03C /* Frameworks */ = {
			isa = PBXFrameworksBuildPhase;
			buildActionMask = 2147483647;
			files = (
				84D4B7A41DB0D35500EE38C6 /* RAMAnimatedTabBarController.framework in Frameworks */,
			);
			runOnlyForDeploymentPostprocessing = 0;
		};
		CE4146841A1B923D0037F03C /* Frameworks */ = {
			isa = PBXFrameworksBuildPhase;
			buildActionMask = 2147483647;
			files = (
			);
			runOnlyForDeploymentPostprocessing = 0;
		};
/* End PBXFrameworksBuildPhase section */

/* Begin PBXGroup section */
		8499D8EE1D0069C6004B5B37 /* AnimatedTabBar */ = {
			isa = PBXGroup;
			children = (
				8499D8EF1D0069C6004B5B37 /* AnimatedTabBar.h */,
				8499D8F11D0069C6004B5B37 /* Info.plist */,
			);
			path = AnimatedTabBar;
			sourceTree = "<group>";
		};
		84BC64201C22E41F00B89B79 /* RAMBadge */ = {
			isa = PBXGroup;
			children = (
				84BC64211C22E4C800B89B79 /* RAMBadge.swift */,
			);
			path = RAMBadge;
			sourceTree = "<group>";
		};
		84D4B79E1DB0D35500EE38C6 /* TabBarLib */ = {
			isa = PBXGroup;
			children = (
				84D4B79F1DB0D35500EE38C6 /* TabBarLib.h */,
				84D4B7A01DB0D35500EE38C6 /* Info.plist */,
			);
			path = TabBarLib;
			sourceTree = "<group>";
		};
		CE4146691A1B923D0037F03C = {
			isa = PBXGroup;
			children = (
				CE4146741A1B923D0037F03C /* RAMAnimatedTabBarDemo */,
				CE41468A1A1B923D0037F03C /* RAMAnimatedTabBarDemoTests */,
				8499D8EE1D0069C6004B5B37 /* AnimatedTabBar */,
				84D4B79E1DB0D35500EE38C6 /* TabBarLib */,
				CE4146731A1B923D0037F03C /* Products */,
			);
			sourceTree = "<group>";
		};
		CE4146731A1B923D0037F03C /* Products */ = {
			isa = PBXGroup;
			children = (
				CE4146721A1B923D0037F03C /* RAMAnimatedTabBarDemo.app */,
				CE4146871A1B923D0037F03C /* RAMAnimatedTabBarDemoTests.xctest */,
				84D4B79D1DB0D35500EE38C6 /* RAMAnimatedTabBarController.framework */,
			);
			name = Products;
			sourceTree = "<group>";
		};
		CE4146741A1B923D0037F03C /* RAMAnimatedTabBarDemo */ = {
			isa = PBXGroup;
			children = (
				CE90A8441A1CB1A2002D8931 /* Resources */,
				CE4146971A1B94170037F03C /* RAMAnimatedTabBarControlller */,
				CE4146771A1B923D0037F03C /* AppDelegate.swift */,
				CE4146791A1B923D0037F03C /* ViewController.swift */,
				CE41467B1A1B923D0037F03C /* Main.storyboard */,
				CE41467E1A1B923D0037F03C /* Images.xcassets */,
				CE4146801A1B923D0037F03C /* LaunchScreen.xib */,
				CE4146751A1B923D0037F03C /* Supporting Files */,
			);
			path = RAMAnimatedTabBarDemo;
			sourceTree = "<group>";
		};
		CE4146751A1B923D0037F03C /* Supporting Files */ = {
			isa = PBXGroup;
			children = (
				CE4146761A1B923D0037F03C /* Info.plist */,
			);
			name = "Supporting Files";
			sourceTree = "<group>";
		};
		CE41468A1A1B923D0037F03C /* RAMAnimatedTabBarDemoTests */ = {
			isa = PBXGroup;
			children = (
				CE41468D1A1B923D0037F03C /* RAMAnimatedTabBarDemoTests.swift */,
				CE41468B1A1B923D0037F03C /* Supporting Files */,
			);
			path = RAMAnimatedTabBarDemoTests;
			sourceTree = "<group>";
		};
		CE41468B1A1B923D0037F03C /* Supporting Files */ = {
			isa = PBXGroup;
			children = (
				CE41468C1A1B923D0037F03C /* Info.plist */,
			);
			name = "Supporting Files";
			sourceTree = "<group>";
		};
		CE4146971A1B94170037F03C /* RAMAnimatedTabBarControlller */ = {
			isa = PBXGroup;
			children = (
				84BC64201C22E41F00B89B79 /* RAMBadge */,
				CE90A83F1A1C7C14002D8931 /* RAMAnimatedTabBarController.swift */,
				CE4146981A1B944D0037F03C /* Animations */,
				CE41469D1A1B944D0037F03C /* RAMItemAnimationProtocol.swift */,
			);
			name = RAMAnimatedTabBarControlller;
			path = ../../RAMAnimatedTabBarController;
			sourceTree = "<group>";
		};
		CE4146981A1B944D0037F03C /* Animations */ = {
			isa = PBXGroup;
			children = (
				F3E056BC1A2DD37700F33DDA /* FumeAnimation */,
				CE90A8771A1CE171002D8931 /* BounceAnimation */,
				CE90A8411A1C8D69002D8931 /* RotationAnimation */,
				CE4146991A1B944D0037F03C /* FrameAnimation */,
				CE41469B1A1B944D0037F03C /* TransitionAniamtions */,
			);
			path = Animations;
			sourceTree = "<group>";
		};
		CE4146991A1B944D0037F03C /* FrameAnimation */ = {
			isa = PBXGroup;
			children = (
				CE41469A1A1B944D0037F03C /* RAMFrameItemAnimation.swift */,
			);
			path = FrameAnimation;
			sourceTree = "<group>";
		};
		CE41469B1A1B944D0037F03C /* TransitionAniamtions */ = {
			isa = PBXGroup;
			children = (
				CE41469C1A1B944D0037F03C /* RAMTransitionItemAnimations.swift */,
			);
			path = TransitionAniamtions;
			sourceTree = "<group>";
		};
		CE90A8411A1C8D69002D8931 /* RotationAnimation */ = {
			isa = PBXGroup;
			children = (
				CE90A8421A1C8DD3002D8931 /* RAMRotationAnimation.swift */,
			);
			path = RotationAnimation;
			sourceTree = "<group>";
		};
		CE90A8441A1CB1A2002D8931 /* Resources */ = {
			isa = PBXGroup;
			children = (
				849507001D05772B0005EC1A /* ToolsAnimation.plist */,
			);
			path = Resources;
			sourceTree = "<group>";
		};
		CE90A8771A1CE171002D8931 /* BounceAnimation */ = {
			isa = PBXGroup;
			children = (
				CE90A8781A1CE200002D8931 /* RAMBounceAnimation.swift */,
			);
			path = BounceAnimation;
			sourceTree = "<group>";
		};
		F3E056BC1A2DD37700F33DDA /* FumeAnimation */ = {
			isa = PBXGroup;
			children = (
				F3E056BD1A2DD57600F33DDA /* RAMFumeAnimation.swift */,
			);
			path = FumeAnimation;
			sourceTree = "<group>";
		};
/* End PBXGroup section */

/* Begin PBXHeadersBuildPhase section */
		84D4B79A1DB0D35500EE38C6 /* Headers */ = {
			isa = PBXHeadersBuildPhase;
			buildActionMask = 2147483647;
			files = (
				84D4B7A11DB0D35500EE38C6 /* TabBarLib.h in Headers */,
			);
			runOnlyForDeploymentPostprocessing = 0;
		};
/* End PBXHeadersBuildPhase section */

/* Begin PBXNativeTarget section */
		84D4B79C1DB0D35500EE38C6 /* RAMAnimatedTabBarController */ = {
			isa = PBXNativeTarget;
			buildConfigurationList = 84D4B7A81DB0D35500EE38C6 /* Build configuration list for PBXNativeTarget "RAMAnimatedTabBarController" */;
			buildPhases = (
				84D4B7981DB0D35500EE38C6 /* Sources */,
				84D4B7991DB0D35500EE38C6 /* Frameworks */,
				84D4B79A1DB0D35500EE38C6 /* Headers */,
				84D4B79B1DB0D35500EE38C6 /* Resources */,
			);
			buildRules = (
			);
			dependencies = (
			);
			name = RAMAnimatedTabBarController;
			productName = TabBarLib;
			productReference = 84D4B79D1DB0D35500EE38C6 /* RAMAnimatedTabBarController.framework */;
			productType = "com.apple.product-type.framework";
		};
		CE4146711A1B923D0037F03C /* RAMAnimatedTabBarDemo */ = {
			isa = PBXNativeTarget;
			buildConfigurationList = CE4146911A1B923D0037F03C /* Build configuration list for PBXNativeTarget "RAMAnimatedTabBarDemo" */;
			buildPhases = (
				CE41466E1A1B923D0037F03C /* Sources */,
				CE41466F1A1B923D0037F03C /* Frameworks */,
				CE4146701A1B923D0037F03C /* Resources */,
				847D23E81C63319B0085E882 /* SwiftLint */,
				8499D8F91D0069C6004B5B37 /* Embed Frameworks */,
			);
			buildRules = (
			);
			dependencies = (
				84D4B7A31DB0D35500EE38C6 /* PBXTargetDependency */,
			);
			name = RAMAnimatedTabBarDemo;
			productName = RAMAnimatedTabBarDemo;
			productReference = CE4146721A1B923D0037F03C /* RAMAnimatedTabBarDemo.app */;
			productType = "com.apple.product-type.application";
		};
		CE4146861A1B923D0037F03C /* RAMAnimatedTabBarDemoTests */ = {
			isa = PBXNativeTarget;
			buildConfigurationList = CE4146941A1B923D0037F03C /* Build configuration list for PBXNativeTarget "RAMAnimatedTabBarDemoTests" */;
			buildPhases = (
				CE4146831A1B923D0037F03C /* Sources */,
				CE4146841A1B923D0037F03C /* Frameworks */,
				CE4146851A1B923D0037F03C /* Resources */,
			);
			buildRules = (
			);
			dependencies = (
				CE4146891A1B923D0037F03C /* PBXTargetDependency */,
			);
			name = RAMAnimatedTabBarDemoTests;
			productName = RAMAnimatedTabBarDemoTests;
			productReference = CE4146871A1B923D0037F03C /* RAMAnimatedTabBarDemoTests.xctest */;
			productType = "com.apple.product-type.bundle.unit-test";
		};
/* End PBXNativeTarget section */

/* Begin PBXProject section */
		CE41466A1A1B923D0037F03C /* Project object */ = {
			isa = PBXProject;
			attributes = {
				LastSwiftUpdateCheck = 0700;
				LastUpgradeCheck = 0800;
				ORGANIZATIONNAME = Ramotion;
				TargetAttributes = {
					84D4B79C1DB0D35500EE38C6 = {
						CreatedOnToolsVersion = 8.0;
						LastSwiftMigration = 0800;
						ProvisioningStyle = Automatic;
					};
					CE4146711A1B923D0037F03C = {
						CreatedOnToolsVersion = 6.1;
						DevelopmentTeam = 34MUF9YXTA;
						LastSwiftMigration = 0800;
					};
					CE4146861A1B923D0037F03C = {
						CreatedOnToolsVersion = 6.1;
						TestTargetID = CE4146711A1B923D0037F03C;
					};
				};
			};
			buildConfigurationList = CE41466D1A1B923D0037F03C /* Build configuration list for PBXProject "RAMAnimatedTabBarDemo" */;
			compatibilityVersion = "Xcode 3.2";
			developmentRegion = English;
			hasScannedForEncodings = 0;
			knownRegions = (
				en,
				Base,
			);
			mainGroup = CE4146691A1B923D0037F03C;
			productRefGroup = CE4146731A1B923D0037F03C /* Products */;
			projectDirPath = "";
			projectRoot = "";
			targets = (
				CE4146711A1B923D0037F03C /* RAMAnimatedTabBarDemo */,
				CE4146861A1B923D0037F03C /* RAMAnimatedTabBarDemoTests */,
				84D4B79C1DB0D35500EE38C6 /* RAMAnimatedTabBarController */,
			);
		};
/* End PBXProject section */

/* Begin PBXResourcesBuildPhase section */
		84D4B79B1DB0D35500EE38C6 /* Resources */ = {
			isa = PBXResourcesBuildPhase;
			buildActionMask = 2147483647;
			files = (
			);
			runOnlyForDeploymentPostprocessing = 0;
		};
		CE4146701A1B923D0037F03C /* Resources */ = {
			isa = PBXResourcesBuildPhase;
			buildActionMask = 2147483647;
			files = (
				849507011D05772B0005EC1A /* ToolsAnimation.plist in Resources */,
				CE41467D1A1B923D0037F03C /* Main.storyboard in Resources */,
				CE4146821A1B923D0037F03C /* LaunchScreen.xib in Resources */,
				CE41467F1A1B923D0037F03C /* Images.xcassets in Resources */,
			);
			runOnlyForDeploymentPostprocessing = 0;
		};
		CE4146851A1B923D0037F03C /* Resources */ = {
			isa = PBXResourcesBuildPhase;
			buildActionMask = 2147483647;
			files = (
			);
			runOnlyForDeploymentPostprocessing = 0;
		};
/* End PBXResourcesBuildPhase section */

/* Begin PBXShellScriptBuildPhase section */
		847D23E81C63319B0085E882 /* SwiftLint */ = {
			isa = PBXShellScriptBuildPhase;
			buildActionMask = 2147483647;
			files = (
			);
			inputPaths = (
			);
			name = SwiftLint;
			outputPaths = (
			);
			runOnlyForDeploymentPostprocessing = 0;
			shellPath = /bin/sh;
			shellScript = "if which swiftlint >/dev/null; then\nswiftlint\nelse\necho \"SwiftLint does not exist, download from https://github.com/realm/SwiftLint\"\nfi";
		};
/* End PBXShellScriptBuildPhase section */

/* Begin PBXSourcesBuildPhase section */
		84D4B7981DB0D35500EE38C6 /* Sources */ = {
			isa = PBXSourcesBuildPhase;
			buildActionMask = 2147483647;
			files = (
				84D4B7A91DB0D37700EE38C6 /* RAMBadge.swift in Sources */,
				84D4B7AF1DB0D38B00EE38C6 /* RAMTransitionItemAnimations.swift in Sources */,
				84D4B7B01DB0D38F00EE38C6 /* RAMItemAnimationProtocol.swift in Sources */,
				84D4B7AB1DB0D37F00EE38C6 /* RAMFumeAnimation.swift in Sources */,
				84D4B7AA1DB0D37B00EE38C6 /* RAMAnimatedTabBarController.swift in Sources */,
				84D4B7AC1DB0D38100EE38C6 /* RAMBounceAnimation.swift in Sources */,
				84D4B7AE1DB0D38700EE38C6 /* RAMFrameItemAnimation.swift in Sources */,
				84D4B7AD1DB0D38400EE38C6 /* RAMRotationAnimation.swift in Sources */,
			);
			runOnlyForDeploymentPostprocessing = 0;
		};
		CE41466E1A1B923D0037F03C /* Sources */ = {
			isa = PBXSourcesBuildPhase;
			buildActionMask = 2147483647;
			files = (
				CE41469E1A1B944D0037F03C /* RAMFrameItemAnimation.swift in Sources */,
				CE90A8401A1C7C14002D8931 /* RAMAnimatedTabBarController.swift in Sources */,
				CE41467A1A1B923D0037F03C /* ViewController.swift in Sources */,
				CE90A8431A1C8DD3002D8931 /* RAMRotationAnimation.swift in Sources */,
				F3E056BE1A2DD57600F33DDA /* RAMFumeAnimation.swift in Sources */,
				CE41469F1A1B944D0037F03C /* RAMTransitionItemAnimations.swift in Sources */,
				84BC64221C22E4C800B89B79 /* RAMBadge.swift in Sources */,
				CE4146A01A1B944D0037F03C /* RAMItemAnimationProtocol.swift in Sources */,
				CE4146781A1B923D0037F03C /* AppDelegate.swift in Sources */,
				CE90A8791A1CE200002D8931 /* RAMBounceAnimation.swift in Sources */,
			);
			runOnlyForDeploymentPostprocessing = 0;
		};
		CE4146831A1B923D0037F03C /* Sources */ = {
			isa = PBXSourcesBuildPhase;
			buildActionMask = 2147483647;
			files = (
				CE41468E1A1B923D0037F03C /* RAMAnimatedTabBarDemoTests.swift in Sources */,
			);
			runOnlyForDeploymentPostprocessing = 0;
		};
/* End PBXSourcesBuildPhase section */

/* Begin PBXTargetDependency section */
		84D4B7A31DB0D35500EE38C6 /* PBXTargetDependency */ = {
			isa = PBXTargetDependency;
			target = 84D4B79C1DB0D35500EE38C6 /* RAMAnimatedTabBarController */;
			targetProxy = 84D4B7A21DB0D35500EE38C6 /* PBXContainerItemProxy */;
		};
		CE4146891A1B923D0037F03C /* PBXTargetDependency */ = {
			isa = PBXTargetDependency;
			target = CE4146711A1B923D0037F03C /* RAMAnimatedTabBarDemo */;
			targetProxy = CE4146881A1B923D0037F03C /* PBXContainerItemProxy */;
		};
/* End PBXTargetDependency section */

/* Begin PBXVariantGroup section */
		CE41467B1A1B923D0037F03C /* Main.storyboard */ = {
			isa = PBXVariantGroup;
			children = (
				CE41467C1A1B923D0037F03C /* Base */,
			);
			name = Main.storyboard;
			sourceTree = "<group>";
		};
		CE4146801A1B923D0037F03C /* LaunchScreen.xib */ = {
			isa = PBXVariantGroup;
			children = (
				CE4146811A1B923D0037F03C /* Base */,
			);
			name = LaunchScreen.xib;
			sourceTree = "<group>";
		};
/* End PBXVariantGroup section */

/* Begin XCBuildConfiguration section */
		84D4B7A61DB0D35500EE38C6 /* Debug */ = {
			isa = XCBuildConfiguration;
			buildSettings = {
				CLANG_ANALYZER_NONNULL = YES;
				CLANG_WARN_DOCUMENTATION_COMMENTS = YES;
				CLANG_WARN_SUSPICIOUS_MOVES = YES;
				CODE_SIGN_IDENTITY = "iPhone Developer";
				"CODE_SIGN_IDENTITY[sdk=iphoneos*]" = "iPhone Developer";
				CURRENT_PROJECT_VERSION = 1;
				DEBUG_INFORMATION_FORMAT = dwarf;
				DEFINES_MODULE = YES;
				DEVELOPMENT_TEAM = "";
				DYLIB_COMPATIBILITY_VERSION = 1;
				DYLIB_CURRENT_VERSION = 1;
				DYLIB_INSTALL_NAME_BASE = "@rpath";
				INFOPLIST_FILE = TabBarLib/Info.plist;
				INSTALL_PATH = "$(LOCAL_LIBRARY_DIR)/Frameworks";
				IPHONEOS_DEPLOYMENT_TARGET = 9.0;
				LD_RUNPATH_SEARCH_PATHS = "$(inherited) @executable_path/Frameworks @loader_path/Frameworks";
				PRODUCT_BUNDLE_IDENTIFIER = com.ramotion.RAMAnimatedTabBarController;
				PRODUCT_NAME = "$(TARGET_NAME)";
				SKIP_INSTALL = YES;
				SWIFT_ACTIVE_COMPILATION_CONDITIONS = DEBUG;
				SWIFT_VERSION = 3.0;
				VERSIONING_SYSTEM = "apple-generic";
				VERSION_INFO_PREFIX = "";
			};
			name = Debug;
		};
		84D4B7A71DB0D35500EE38C6 /* Release */ = {
			isa = XCBuildConfiguration;
			buildSettings = {
				CLANG_ANALYZER_NONNULL = YES;
				CLANG_WARN_DOCUMENTATION_COMMENTS = YES;
				CLANG_WARN_SUSPICIOUS_MOVES = YES;
				CODE_SIGN_IDENTITY = "iPhone Developer";
				"CODE_SIGN_IDENTITY[sdk=iphoneos*]" = "iPhone Developer";
				COPY_PHASE_STRIP = NO;
				CURRENT_PROJECT_VERSION = 1;
				DEBUG_INFORMATION_FORMAT = "dwarf-with-dsym";
				DEFINES_MODULE = YES;
				DEVELOPMENT_TEAM = "";
				DYLIB_COMPATIBILITY_VERSION = 1;
				DYLIB_CURRENT_VERSION = 1;
				DYLIB_INSTALL_NAME_BASE = "@rpath";
				INFOPLIST_FILE = TabBarLib/Info.plist;
				INSTALL_PATH = "$(LOCAL_LIBRARY_DIR)/Frameworks";
				IPHONEOS_DEPLOYMENT_TARGET = 9.0;
				LD_RUNPATH_SEARCH_PATHS = "$(inherited) @executable_path/Frameworks @loader_path/Frameworks";
				PRODUCT_BUNDLE_IDENTIFIER = com.ramotion.RAMAnimatedTabBarController;
				PRODUCT_NAME = "$(TARGET_NAME)";
				SKIP_INSTALL = YES;
				SWIFT_VERSION = 3.0;
				VERSIONING_SYSTEM = "apple-generic";
				VERSION_INFO_PREFIX = "";
			};
			name = Release;
		};
		CE41468F1A1B923D0037F03C /* Debug */ = {
			isa = XCBuildConfiguration;
			buildSettings = {
				ALWAYS_SEARCH_USER_PATHS = NO;
				CLANG_CXX_LANGUAGE_STANDARD = "gnu++0x";
				CLANG_CXX_LIBRARY = "libc++";
				CLANG_ENABLE_MODULES = YES;
				CLANG_ENABLE_OBJC_ARC = YES;
				CLANG_WARN_BOOL_CONVERSION = YES;
				CLANG_WARN_CONSTANT_CONVERSION = YES;
				CLANG_WARN_DIRECT_OBJC_ISA_USAGE = YES_ERROR;
				CLANG_WARN_EMPTY_BODY = YES;
				CLANG_WARN_ENUM_CONVERSION = YES;
				CLANG_WARN_INFINITE_RECURSION = YES;
				CLANG_WARN_INT_CONVERSION = YES;
				CLANG_WARN_OBJC_ROOT_CLASS = YES_ERROR;
				CLANG_WARN_SUSPICIOUS_MOVE = YES;
				CLANG_WARN_UNREACHABLE_CODE = YES;
				CLANG_WARN__DUPLICATE_METHOD_MATCH = YES;
				"CODE_SIGN_IDENTITY[sdk=iphoneos*]" = "iPhone Developer";
				COPY_PHASE_STRIP = NO;
				ENABLE_STRICT_OBJC_MSGSEND = YES;
				ENABLE_TESTABILITY = YES;
				GCC_C_LANGUAGE_STANDARD = gnu99;
				GCC_DYNAMIC_NO_PIC = NO;
				GCC_NO_COMMON_BLOCKS = YES;
				GCC_OPTIMIZATION_LEVEL = 0;
				GCC_PREPROCESSOR_DEFINITIONS = (
					"DEBUG=1",
					"$(inherited)",
				);
				GCC_SYMBOLS_PRIVATE_EXTERN = NO;
				GCC_WARN_64_TO_32_BIT_CONVERSION = YES;
				GCC_WARN_ABOUT_RETURN_TYPE = YES_ERROR;
				GCC_WARN_UNDECLARED_SELECTOR = YES;
				GCC_WARN_UNINITIALIZED_AUTOS = YES_AGGRESSIVE;
				GCC_WARN_UNUSED_FUNCTION = YES;
				GCC_WARN_UNUSED_VARIABLE = YES;
				IPHONEOS_DEPLOYMENT_TARGET = 10.0;
				MTL_ENABLE_DEBUG_INFO = YES;
				ONLY_ACTIVE_ARCH = YES;
				SDKROOT = iphoneos;
				SWIFT_OPTIMIZATION_LEVEL = "-Onone";
				SWIFT_VERSION = 3.0;
				TARGETED_DEVICE_FAMILY = "1,2";
			};
			name = Debug;
		};
		CE4146901A1B923D0037F03C /* Release */ = {
			isa = XCBuildConfiguration;
			buildSettings = {
				ALWAYS_SEARCH_USER_PATHS = NO;
				CLANG_CXX_LANGUAGE_STANDARD = "gnu++0x";
				CLANG_CXX_LIBRARY = "libc++";
				CLANG_ENABLE_MODULES = YES;
				CLANG_ENABLE_OBJC_ARC = YES;
				CLANG_WARN_BOOL_CONVERSION = YES;
				CLANG_WARN_CONSTANT_CONVERSION = YES;
				CLANG_WARN_DIRECT_OBJC_ISA_USAGE = YES_ERROR;
				CLANG_WARN_EMPTY_BODY = YES;
				CLANG_WARN_ENUM_CONVERSION = YES;
				CLANG_WARN_INFINITE_RECURSION = YES;
				CLANG_WARN_INT_CONVERSION = YES;
				CLANG_WARN_OBJC_ROOT_CLASS = YES_ERROR;
				CLANG_WARN_SUSPICIOUS_MOVE = YES;
				CLANG_WARN_UNREACHABLE_CODE = YES;
				CLANG_WARN__DUPLICATE_METHOD_MATCH = YES;
				"CODE_SIGN_IDENTITY[sdk=iphoneos*]" = "iPhone Developer";
				COPY_PHASE_STRIP = YES;
				ENABLE_NS_ASSERTIONS = NO;
				ENABLE_STRICT_OBJC_MSGSEND = YES;
				GCC_C_LANGUAGE_STANDARD = gnu99;
				GCC_NO_COMMON_BLOCKS = YES;
				GCC_WARN_64_TO_32_BIT_CONVERSION = YES;
				GCC_WARN_ABOUT_RETURN_TYPE = YES_ERROR;
				GCC_WARN_UNDECLARED_SELECTOR = YES;
				GCC_WARN_UNINITIALIZED_AUTOS = YES_AGGRESSIVE;
				GCC_WARN_UNUSED_FUNCTION = YES;
				GCC_WARN_UNUSED_VARIABLE = YES;
				IPHONEOS_DEPLOYMENT_TARGET = 10.0;
				MTL_ENABLE_DEBUG_INFO = NO;
				SDKROOT = iphoneos;
				SWIFT_OPTIMIZATION_LEVEL = "-Owholemodule";
				SWIFT_VERSION = 3.0;
				TARGETED_DEVICE_FAMILY = "1,2";
				VALIDATE_PRODUCT = YES;
			};
			name = Release;
		};
		CE4146921A1B923D0037F03C /* Debug */ = {
			isa = XCBuildConfiguration;
			buildSettings = {
				ALWAYS_EMBED_SWIFT_STANDARD_LIBRARIES = YES;
				ASSETCATALOG_COMPILER_APPICON_NAME = AppIcon;
				CODE_SIGN_IDENTITY = "iPhone Developer";
				"CODE_SIGN_IDENTITY[sdk=iphoneos*]" = "iPhone Developer";
				DEFINES_MODULE = YES;
				DEVELOPMENT_TEAM = 34MUF9YXTA;
				INFOPLIST_FILE = RAMAnimatedTabBarDemo/Info.plist;
				IPHONEOS_DEPLOYMENT_TARGET = 9.0;
				LD_RUNPATH_SEARCH_PATHS = "$(inherited) @executable_path/Frameworks";
				PRODUCT_BUNDLE_IDENTIFIER = com.ramotion.dev;
				PRODUCT_NAME = "$(TARGET_NAME)";
				PROVISIONING_PROFILE = "";
				SWIFT_VERSION = 3.0;
			};
			name = Debug;
		};
		CE4146931A1B923D0037F03C /* Release */ = {
			isa = XCBuildConfiguration;
			buildSettings = {
				ALWAYS_EMBED_SWIFT_STANDARD_LIBRARIES = YES;
				ASSETCATALOG_COMPILER_APPICON_NAME = AppIcon;
				CODE_SIGN_IDENTITY = "iPhone Developer";
				"CODE_SIGN_IDENTITY[sdk=iphoneos*]" = "iPhone Developer";
				DEFINES_MODULE = YES;
				DEVELOPMENT_TEAM = 34MUF9YXTA;
				INFOPLIST_FILE = RAMAnimatedTabBarDemo/Info.plist;
				IPHONEOS_DEPLOYMENT_TARGET = 9.0;
				LD_RUNPATH_SEARCH_PATHS = "$(inherited) @executable_path/Frameworks";
				PRODUCT_BUNDLE_IDENTIFIER = com.ramotion.dev;
				PRODUCT_NAME = "$(TARGET_NAME)";
				PROVISIONING_PROFILE = "";
				SWIFT_VERSION = 3.0;
			};
			name = Release;
		};
		CE4146951A1B923D0037F03C /* Debug */ = {
			isa = XCBuildConfiguration;
			buildSettings = {
				BUNDLE_LOADER = "$(TEST_HOST)";
				FRAMEWORK_SEARCH_PATHS = "$(inherited)";
				GCC_PREPROCESSOR_DEFINITIONS = (
					"DEBUG=1",
					"$(inherited)",
				);
				INFOPLIST_FILE = RAMAnimatedTabBarDemoTests/Info.plist;
				LD_RUNPATH_SEARCH_PATHS = "$(inherited) @executable_path/Frameworks @loader_path/Frameworks";
				PRODUCT_BUNDLE_IDENTIFIER = "com.Ramotion.$(PRODUCT_NAME:rfc1034identifier)";
				PRODUCT_NAME = "$(TARGET_NAME)";
				SWIFT_VERSION = 3.0;
				TEST_HOST = "$(BUILT_PRODUCTS_DIR)/RAMAnimatedTabBarDemo.app/RAMAnimatedTabBarDemo";
			};
			name = Debug;
		};
		CE4146961A1B923D0037F03C /* Release */ = {
			isa = XCBuildConfiguration;
			buildSettings = {
				BUNDLE_LOADER = "$(TEST_HOST)";
				FRAMEWORK_SEARCH_PATHS = "$(inherited)";
				INFOPLIST_FILE = RAMAnimatedTabBarDemoTests/Info.plist;
				LD_RUNPATH_SEARCH_PATHS = "$(inherited) @executable_path/Frameworks @loader_path/Frameworks";
				PRODUCT_BUNDLE_IDENTIFIER = "com.Ramotion.$(PRODUCT_NAME:rfc1034identifier)";
				PRODUCT_NAME = "$(TARGET_NAME)";
				SWIFT_VERSION = 3.0;
				TEST_HOST = "$(BUILT_PRODUCTS_DIR)/RAMAnimatedTabBarDemo.app/RAMAnimatedTabBarDemo";
			};
			name = Release;
		};
/* End XCBuildConfiguration section */

/* Begin XCConfigurationList section */
		84D4B7A81DB0D35500EE38C6 /* Build configuration list for PBXNativeTarget "RAMAnimatedTabBarController" */ = {
			isa = XCConfigurationList;
			buildConfigurations = (
				84D4B7A61DB0D35500EE38C6 /* Debug */,
				84D4B7A71DB0D35500EE38C6 /* Release */,
			);
			defaultConfigurationIsVisible = 0;
		};
		CE41466D1A1B923D0037F03C /* Build configuration list for PBXProject "RAMAnimatedTabBarDemo" */ = {
			isa = XCConfigurationList;
			buildConfigurations = (
				CE41468F1A1B923D0037F03C /* Debug */,
				CE4146901A1B923D0037F03C /* Release */,
			);
			defaultConfigurationIsVisible = 0;
			defaultConfigurationName = Release;
		};
		CE4146911A1B923D0037F03C /* Build configuration list for PBXNativeTarget "RAMAnimatedTabBarDemo" */ = {
			isa = XCConfigurationList;
			buildConfigurations = (
				CE4146921A1B923D0037F03C /* Debug */,
				CE4146931A1B923D0037F03C /* Release */,
			);
			defaultConfigurationIsVisible = 0;
			defaultConfigurationName = Release;
		};
		CE4146941A1B923D0037F03C /* Build configuration list for PBXNativeTarget "RAMAnimatedTabBarDemoTests" */ = {
			isa = XCConfigurationList;
			buildConfigurations = (
				CE4146951A1B923D0037F03C /* Debug */,
				CE4146961A1B923D0037F03C /* Release */,
			);
			defaultConfigurationIsVisible = 0;
			defaultConfigurationName = Release;
		};
/* End XCConfigurationList section */
	};
	rootObject = CE41466A1A1B923D0037F03C /* Project object */;
}
